{
  "lockfileVersion": 1,
  "configVersion": 1,
  "workspaces": {
    "": {
      "name": "rmnm",
      "optionalDependencies": {
        "@leonsilicon/remnem-darwin-arm64": "0.1.8",
        "@leonsilicon/remnem-darwin-x64": "0.1.8",
        "@leonsilicon/remnem-linux-arm64-gnu": "0.1.8",
        "@leonsilicon/remnem-linux-arm64-musl": "0.1.8",
        "@leonsilicon/remnem-linux-x64-gnu": "0.1.8",
        "@leonsilicon/remnem-linux-x64-musl": "0.1.8",
        "@leonsilicon/remnem-win32-arm64-msvc": "0.1.8",
        "@leonsilicon/remnem-win32-x64-msvc": "0.1.8",
      },
    },
  },
  "packages": {
    "@leonsilicon/remnem-darwin-arm64": ["@leonsilicon/remnem-darwin-arm64@0.1.8", "", { "os": "darwin", "cpu": "arm64" }, "sha512-4zWQtKUu9XR8xFw9PsFNzE3VqHlTqEvzHShiL9oV+mhmRVNz9WWyXFM1moRSsiBKBuDLtxyzjH4bJns4awdQHw=="],

    "@leonsilicon/remnem-darwin-x64": ["@leonsilicon/remnem-darwin-x64@0.1.8", "", { "os": "darwin", "cpu": "x64" }, "sha512-73jyxcR7I3orJ1JP6mZ1bujJNWFF3oNwVTVaUsweGBTLXdKwQRNUtrtkIgraZOihKmZ5ALzpmOr219lLZIzkuA=="],

    "@leonsilicon/remnem-linux-arm64-gnu": ["@leonsilicon/remnem-linux-arm64-gnu@0.1.8", "", { "os": "linux", "cpu": "arm64" }, "sha512-yXg2jmsZlfEixX0UU2neBkpbSmbTO8R3pXXQtTnuVcqQJp4ztxk2EfAY5M/f1r96I0acTMIxNSl73wbLk4utGg=="],

    "@leonsilicon/remnem-linux-arm64-musl": ["@leonsilicon/remnem-linux-arm64-musl@0.1.8", "", { "os": "linux", "cpu": "arm64" }, "sha512-3bXMFcYOnPxZn78fBKUFN+4NRUkWc1khcjASV+IvhmWdtqiptCSh3HYkR4Dg3z6mgLqgeI3jRkeFoW/ikDNjeA=="],

    "@leonsilicon/remnem-linux-x64-gnu": ["@leonsilicon/remnem-linux-x64-gnu@0.1.8", "", { "os": "linux", "cpu": "x64" }, "sha512-NaR3J2f39Ogb1IjutQRPqI6IB4X4v/mfHk93M/6ZRWGnsDTWg1LJ9i+aMfGNuXCf6HJvvwlBDTRkXt0/zsnAhw=="],

    "@leonsilicon/remnem-linux-x64-musl": ["@leonsilicon/remnem-linux-x64-musl@0.1.8", "", { "os": "linux", "cpu": "x64" }, "sha512-+2WBMvRJXvdVfLbPITYrnZvdSCDBBt9K7PvFEOcxphBc+VISz5srzY7xlxw7W/IKKuwNdLA03wey5bGsPPNj2g=="],

    "@leonsilicon/remnem-win32-arm64-msvc": ["@leonsilicon/remnem-win32-arm64-msvc@0.1.8", "", { "os": "win32", "cpu": "arm64" }, "sha512-PDrPCArmuLSk5GgffSyfpQgAQTYa2H7Nakw4BDmuYrX7djirihbdy2MX5dmKQ9nXpBoUhGLquyEjP/iBTrNGDg=="],

    "@leonsilicon/remnem-win32-x64-msvc": ["@leonsilicon/remnem-win32-x64-msvc@0.1.8", "", { "os": "win32", "cpu": "x64" }, "sha512-oLX2Ntog26avRg3YE9L6iFLVGCM/askNtKNjAbb3ZNgRpn77srSPErIt5MeGyf9+tc52aNmag9sD4L13nPsQug=="],
  }
}
